
Microsoft Visual Studio Solution File, Format Version 12.00
# Visual Studio 15
VisualStudioVersion = 15.0.27703.2042
MinimumVisualStudioVersion = 10.0.40219.1
Project("{FAE04EC0-301F-11D3-BF4B-00C04F79EFBC}") = "DuckApplication", "DuckApplication\DuckApplication.csproj", "{0DA9451F-8717-4C33-8BE9-DB4B2EFFFFA8}"
EndProject
Project("{FAE04EC0-301F-11D3-BF4B-00C04F79EFBC}") = "DuckLibrary", "DuckLibrary\DuckLibrary.csproj", "{2B5F6371-DE84-4F58-A671-DC31426436F8}"
EndProject
Global
	GlobalSection(SolutionConfigurationPlatforms) = preSolution
		Debug|Any CPU = Debug|Any CPU
		Release|Any CPU = Release|Any CPU
	EndGlobalSection
	GlobalSection(ProjectConfigurationPlatforms) = postSolution
		{0DA9451F-8717-4C33-8BE9-DB4B2EFFFFA8}.Debug|Any CPU.ActiveCfg = Debug|Any CPU
		{0DA9451F-8717-4C33-8BE9-DB4B2EFFFFA8}.Debug|Any CPU.Build.0 = Debug|Any CPU
		{0DA9451F-8717-4C33-8BE9-DB4B2EFFFFA8}.Release|Any CPU.ActiveCfg = Release|Any CPU
		{0DA9451F-8717-4C33-8BE9-DB4B2EFFFFA8}.Release|Any CPU.Build.0 = Release|Any CPU
		{2B5F6371-DE84-4F58-A671-DC31426436F8}.Debug|Any CPU.ActiveCfg = Debug|Any CPU
		{2B5F6371-DE84-4F58-A671-DC31426436F8}.Debug|Any CPU.Build.0 = Debug|Any CPU
		{2B5F6371-DE84-4F58-A671-DC31426436F8}.Release|Any CPU.ActiveCfg = Release|Any CPU
		{2B5F6371-DE84-4F58-A671-DC31426436F8}.Release|Any CPU.Build.0 = Release|Any CPU
	EndGlobalSection
	GlobalSection(SolutionProperties) = preSolution
		HideSolutionNode = FALSE
	EndGlobalSection
	GlobalSection(ExtensibilityGlobals) = postSolution
		SolutionGuid = {72B529DF-04E1-4ADB-8C36-267B4CBE2A10}
	EndGlobalSection
EndGlobal
